// !$*UTF8*$!
{
	archiveVersion = 1;
	classes = {
	};
	objectVersion = 50;
	objects = {

/* Begin PBXBuildFile section */
		669A80F673367FF1845E11D0 /* Pods_Flix.framework in Frameworks */ = {isa = PBXBuildFile; fileRef = 3E3A5098802637D6A5D4F4CD /* Pods_Flix.framework */; };
		CF52E37723D913E2003B8B99 /* AppDelegate.swift in Sources */ = {isa = PBXBuildFile; fileRef = CF52E37623D913E2003B8B99 /* AppDelegate.swift */; };
		CF52E37923D913E2003B8B99 /* SceneDelegate.swift in Sources */ = {isa = PBXBuildFile; fileRef = CF52E37823D913E2003B8B99 /* SceneDelegate.swift */; };
		CF52E37B23D913E2003B8B99 /* ViewController.swift in Sources */ = {isa = PBXBuildFile; fileRef = CF52E37A23D913E2003B8B99 /* ViewController.swift */; };
		CF52E37E23D913E2003B8B99 /* Main.storyboard in Resources */ = {isa = PBXBuildFile; fileRef = CF52E37C23D913E2003B8B99 /* Main.storyboard */; };
		CF52E38023D913EA003B8B99 /* Assets.xcassets in Resources */ = {isa = PBXBuildFile; fileRef = CF52E37F23D913EA003B8B99 /* Assets.xcassets */; };
		CF52E38323D913EA003B8B99 /* LaunchScreen.storyboard in Resources */ = {isa = PBXBuildFile; fileRef = CF52E38123D913EA003B8B99 /* LaunchScreen.storyboard */; };
		CF52E38E23D913EA003B8B99 /* FlixTests.swift in Sources */ = {isa = PBXBuildFile; fileRef = CF52E38D23D913EA003B8B99 /* FlixTests.swift */; };
		CF52E39923D91F5A003B8B99 /* MoviesViewController.swift in Sources */ = {isa = PBXBuildFile; fileRef = CF52E39823D91F5A003B8B99 /* MoviesViewController.swift */; };
		CFE8E4D523DB6C4300F2A8AE /* UIImage+averageColor.swift in Sources */ = {isa = PBXBuildFile; fileRef = CFE8E4D423DB6C4300F2A8AE /* UIImage+averageColor.swift */; };
		CFE8E4D823DE77FA00F2A8AE /* MovieCell.swift in Sources */ = {isa = PBXBuildFile; fileRef = CFE8E4D723DE77FA00F2A8AE /* MovieCell.swift */; };
		E3D92E735BB30A5701EFE848 /* Pods_FlixTests.framework in Frameworks */ = {isa = PBXBuildFile; fileRef = 90358061F4075C7370F86A69 /* Pods_FlixTests.framework */; };
/* End PBXBuildFile section */

/* Begin PBXContainerItemProxy section */
		CF52E38A23D913EA003B8B99 /* PBXContainerItemProxy */ = {
			isa = PBXContainerItemProxy;
			containerPortal = CF52E36B23D913E2003B8B99 /* Project object */;
			proxyType = 1;
			remoteGlobalIDString = CF52E37223D913E2003B8B99;
			remoteInfo = Flix;
		};
/* End PBXContainerItemProxy section */

/* Begin PBXFileReference section */
		3445047ABE70ADEC4A2C88E5 /* Pods-Flix.debug.xcconfig */ = {isa = PBXFileReference; includeInIndex = 1; lastKnownFileType = text.xcconfig; name = "Pods-Flix.debug.xcconfig"; path = "Target Support Files/Pods-Flix/Pods-Flix.debug.xcconfig"; sourceTree = "<group>"; };
		3E3A5098802637D6A5D4F4CD /* Pods_Flix.framework */ = {isa = PBXFileReference; explicitFileType = wrapper.framework; includeInIndex = 0; path = Pods_Flix.framework; sourceTree = BUILT_PRODUCTS_DIR; };
		5D02CE7AE831EFF3DA54E0D7 /* Pods-FlixTests.release.xcconfig */ = {isa = PBXFileReference; includeInIndex = 1; lastKnownFileType = text.xcconfig; name = "Pods-FlixTests.release.xcconfig"; path = "Target Support Files/Pods-FlixTests/Pods-FlixTests.release.xcconfig"; sourceTree = "<group>"; };
		90358061F4075C7370F86A69 /* Pods_FlixTests.framework */ = {isa = PBXFileReference; explicitFileType = wrapper.framework; includeInIndex = 0; path = Pods_FlixTests.framework; sourceTree = BUILT_PRODUCTS_DIR; };
		A2D02D96FCEA393D0222336F /* Pods-Flix.release.xcconfig */ = {isa = PBXFileReference; includeInIndex = 1; lastKnownFileType = text.xcconfig; name = "Pods-Flix.release.xcconfig"; path = "Target Support Files/Pods-Flix/Pods-Flix.release.xcconfig"; sourceTree = "<group>"; };
		C3E4FB5084A134C1BF3C7855 /* Pods-FlixTests.debug.xcconfig */ = {isa = PBXFileReference; includeInIndex = 1; lastKnownFileType = text.xcconfig; name = "Pods-FlixTests.debug.xcconfig"; path = "Target Support Files/Pods-FlixTests/Pods-FlixTests.debug.xcconfig"; sourceTree = "<group>"; };
		CF52E37323D913E2003B8B99 /* Flix.app */ = {isa = PBXFileReference; explicitFileType = wrapper.application; includeInIndex = 0; path = Flix.app; sourceTree = BUILT_PRODUCTS_DIR; };
		CF52E37623D913E2003B8B99 /* AppDelegate.swift */ = {isa = PBXFileReference; lastKnownFileType = sourcecode.swift; path = AppDelegate.swift; sourceTree = "<group>"; };
		CF52E37823D913E2003B8B99 /* SceneDelegate.swift */ = {isa = PBXFileReference; lastKnownFileType = sourcecode.swift; path = SceneDelegate.swift; sourceTree = "<group>"; };
		CF52E37A23D913E2003B8B99 /* ViewController.swift */ = {isa = PBXFileReference; lastKnownFileType = sourcecode.swift; path = ViewController.swift; sourceTree = "<group>"; };
		CF52E37D23D913E2003B8B99 /* Base */ = {isa = PBXFileReference; lastKnownFileType = file.storyboard; name = Base; path = Base.lproj/Main.storyboard; sourceTree = "<group>"; };
		CF52E37F23D913EA003B8B99 /* Assets.xcassets */ = {isa = PBXFileReference; lastKnownFileType = folder.assetcatalog; path = Assets.xcassets; sourceTree = "<group>"; };
		CF52E38223D913EA003B8B99 /* Base */ = {isa = PBXFileReference; lastKnownFileType = file.storyboard; name = Base; path = Base.lproj/LaunchScreen.storyboard; sourceTree = "<group>"; };
		CF52E38423D913EA003B8B99 /* Info.plist */ = {isa = PBXFileReference; lastKnownFileType = text.plist.xml; path = Info.plist; sourceTree = "<group>"; };
		CF52E38923D913EA003B8B99 /* FlixTests.xctest */ = {isa = PBXFileReference; explicitFileType = wrapper.cfbundle; includeInIndex = 0; path = FlixTests.xctest; sourceTree = BUILT_PRODUCTS_DIR; };
		CF52E38D23D913EA003B8B99 /* FlixTests.swift */ = {isa = PBXFileReference; lastKnownFileType = sourcecode.swift; path = FlixTests.swift; sourceTree = "<group>"; };
		CF52E38F23D913EA003B8B99 /* Info.plist */ = {isa = PBXFileReference; lastKnownFileType = text.plist.xml; path = Info.plist; sourceTree = "<group>"; };
		CF52E39823D91F5A003B8B99 /* MoviesViewController.swift */ = {isa = PBXFileReference; lastKnownFileType = sourcecode.swift; path = MoviesViewController.swift; sourceTree = "<group>"; };
		CFE8E4D423DB6C4300F2A8AE /* UIImage+averageColor.swift */ = {isa = PBXFileReference; lastKnownFileType = sourcecode.swift; path = "UIImage+averageColor.swift"; sourceTree = "<group>"; };
		CFE8E4D723DE77FA00F2A8AE /* MovieCell.swift */ = {isa = PBXFileReference; lastKnownFileType = sourcecode.swift; path = MovieCell.swift; sourceTree = "<group>"; };
/* End PBXFileReference section */

/* Begin PBXFrameworksBuildPhase section */
		CF52E37023D913E2003B8B99 /* Frameworks */ = {
			isa = PBXFrameworksBuildPhase;
			buildActionMask = 2147483647;
			files = (
				669A80F673367FF1845E11D0 /* Pods_Flix.framework in Frameworks */,
			);
			runOnlyForDeploymentPostprocessing = 0;
		};
		CF52E38623D913EA003B8B99 /* Frameworks */ = {
			isa = PBXFrameworksBuildPhase;
			buildActionMask = 2147483647;
			files = (
				E3D92E735BB30A5701EFE848 /* Pods_FlixTests.framework in Frameworks */,
			);
			runOnlyForDeploymentPostprocessing = 0;
		};
/* End PBXFrameworksBuildPhase section */

/* Begin PBXGroup section */
		7D1CE6D10CBB21B74983DC17 /* Pods */ = {
			isa = PBXGroup;
			children = (
				3445047ABE70ADEC4A2C88E5 /* Pods-Flix.debug.xcconfig */,
				A2D02D96FCEA393D0222336F /* Pods-Flix.release.xcconfig */,
				C3E4FB5084A134C1BF3C7855 /* Pods-FlixTests.debug.xcconfig */,
				5D02CE7AE831EFF3DA54E0D7 /* Pods-FlixTests.release.xcconfig */,
			);
			name = Pods;
			path = Pods;
			sourceTree = "<group>";
		};
		CF52E36A23D913E2003B8B99 = {
			isa = PBXGroup;
			children = (
				CF52E37523D913E2003B8B99 /* Flix */,
				CF52E38C23D913EA003B8B99 /* FlixTests */,
				CF52E37423D913E2003B8B99 /* Products */,
				7D1CE6D10CBB21B74983DC17 /* Pods */,
				E80974B043AA79E8DD7D0329 /* Frameworks */,
			);
			sourceTree = "<group>";
		};
		CF52E37423D913E2003B8B99 /* Products */ = {
			isa = PBXGroup;
			children = (
				CF52E37323D913E2003B8B99 /* Flix.app */,
				CF52E38923D913EA003B8B99 /* FlixTests.xctest */,
			);
			name = Products;
			sourceTree = "<group>";
		};
		CF52E37523D913E2003B8B99 /* Flix */ = {
			isa = PBXGroup;
			children = (
				CF52E37623D913E2003B8B99 /* AppDelegate.swift */,
				CF52E37823D913E2003B8B99 /* SceneDelegate.swift */,
				CF52E37A23D913E2003B8B99 /* ViewController.swift */,
				CF52E39823D91F5A003B8B99 /* MoviesViewController.swift */,
				CFE8E4D723DE77FA00F2A8AE /* MovieCell.swift */,
				CF52E37C23D913E2003B8B99 /* Main.storyboard */,
				CF52E37F23D913EA003B8B99 /* Assets.xcassets */,
				CF52E38123D913EA003B8B99 /* LaunchScreen.storyboard */,
				CF52E38423D913EA003B8B99 /* Info.plist */,
				CFE8E4D623DB6C5800F2A8AE /* Extensions */,
			);
			path = Flix;
			sourceTree = "<group>";
		};
		CF52E38C23D913EA003B8B99 /* FlixTests */ = {
			isa = PBXGroup;
			children = (
				CF52E38D23D913EA003B8B99 /* FlixTests.swift */,
				CF52E38F23D913EA003B8B99 /* Info.plist */,
			);
			path = FlixTests;
			sourceTree = "<group>";
		};
		CFE8E4D623DB6C5800F2A8AE /* Extensions */ = {
			isa = PBXGroup;
			children = (
				CFE8E4D423DB6C4300F2A8AE /* UIImage+averageColor.swift */,
			);
			path = Extensions;
			sourceTree = "<group>";
		};
		E80974B043AA79E8DD7D0329 /* Frameworks */ = {
			isa = PBXGroup;
			children = (
				3E3A5098802637D6A5D4F4CD /* Pods_Flix.framework */,
				90358061F4075C7370F86A69 /* Pods_FlixTests.framework */,
			);
			name = Frameworks;
			sourceTree = "<group>";
		};
/* End PBXGroup section */

/* Begin PBXNativeTarget section */
		CF52E37223D913E2003B8B99 /* Flix */ = {
			isa = PBXNativeTarget;
			buildConfigurationList = CF52E39223D913EA003B8B99 /* Build configuration list for PBXNativeTarget "Flix" */;
			buildPhases = (
				51975FE02AA066C275CFB69B /* [CP] Check Pods Manifest.lock */,
				CF52E36F23D913E2003B8B99 /* Sources */,
				CF52E37023D913E2003B8B99 /* Frameworks */,
				CF52E37123D913E2003B8B99 /* Resources */,
				88ECAC98A02BC4ADBFD4C64D /* [CP] Embed Pods Frameworks */,
			);
			buildRules = (
			);
			dependencies = (
			);
			name = Flix;
			productName = Flix;
			productReference = CF52E37323D913E2003B8B99 /* Flix.app */;
			productType = "com.apple.product-type.application";
		};
		CF52E38823D913EA003B8B99 /* FlixTests */ = {
			isa = PBXNativeTarget;
			buildConfigurationList = CF52E39523D913EA003B8B99 /* Build configuration list for PBXNativeTarget "FlixTests" */;
			buildPhases = (
				4CB9D02253DD359BC9690C39 /* [CP] Check Pods Manifest.lock */,
				CF52E38523D913EA003B8B99 /* Sources */,
				CF52E38623D913EA003B8B99 /* Frameworks */,
				CF52E38723D913EA003B8B99 /* Resources */,
			);
			buildRules = (
			);
			dependencies = (
				CF52E38B23D913EA003B8B99 /* PBXTargetDependency */,
			);
			name = FlixTests;
			productName = FlixTests;
			productReference = CF52E38923D913EA003B8B99 /* FlixTests.xctest */;
			productType = "com.apple.product-type.bundle.unit-test";
		};
/* End PBXNativeTarget section */

/* Begin PBXProject section */
		CF52E36B23D913E2003B8B99 /* Project object */ = {
			isa = PBXProject;
			attributes = {
				LastSwiftUpdateCheck = 1130;
				LastUpgradeCheck = 1130;
				ORGANIZATIONNAME = "Shafer Hess";
				TargetAttributes = {
					CF52E37223D913E2003B8B99 = {
						CreatedOnToolsVersion = 11.3.1;
					};
					CF52E38823D913EA003B8B99 = {
						CreatedOnToolsVersion = 11.3.1;
						TestTargetID = CF52E37223D913E2003B8B99;
					};
				};
			};
			buildConfigurationList = CF52E36E23D913E2003B8B99 /* Build configuration list for PBXProject "Flix" */;
			compatibilityVersion = "Xcode 9.3";
			developmentRegion = en;
			hasScannedForEncodings = 0;
			knownRegions = (
				en,
				Base,
			);
			mainGroup = CF52E36A23D913E2003B8B99;
			productRefGroup = CF52E37423D913E2003B8B99 /* Products */;
			projectDirPath = "";
			projectRoot = "";
			targets = (
				CF52E37223D913E2003B8B99 /* Flix */,
				CF52E38823D913EA003B8B99 /* FlixTests */,
			);
		};
/* End PBXProject section */

/* Begin PBXResourcesBuildPhase section */
		CF52E37123D913E2003B8B99 /* Resources */ = {
			isa = PBXResourcesBuildPhase;
			buildActionMask = 2147483647;
			files = (
				CF52E38323D913EA003B8B99 /* LaunchScreen.storyboard in Resources */,
				CF52E38023D913EA003B8B99 /* Assets.xcassets in Resources */,
				CF52E37E23D913E2003B8B99 /* Main.storyboard in Resources */,
			);
			runOnlyForDeploymentPostprocessing = 0;
		};
		CF52E38723D913EA003B8B99 /* Resources */ = {
			isa = PBXResourcesBuildPhase;
			buildActionMask = 2147483647;
			files = (
			);
			runOnlyForDeploymentPostprocessing = 0;
		};
/* End PBXResourcesBuildPhase section */

/* Begin PBXShellScriptBuildPhase section */
		4CB9D02253DD359BC9690C39 /* [CP] Check Pods Manifest.lock */ = {
			isa = PBXShellScriptBuildPhase;
			buildActionMask = 2147483647;
			files = (
			);
			inputFileListPaths = (
			);
			inputPaths = (
				"${PODS_PODFILE_DIR_PATH}/Podfile.lock",
				"${PODS_ROOT}/Manifest.lock",
			);
			name = "[CP] Check Pods Manifest.lock";
			outputFileListPaths = (
			);
			outputPaths = (
				"$(DERIVED_FILE_DIR)/Pods-FlixTests-checkManifestLockResult.txt",
			);
			runOnlyForDeploymentPostprocessing = 0;
			shellPath = /bin/sh;
			shellScript = "diff \"${PODS_PODFILE_DIR_PATH}/Podfile.lock\" \"${PODS_ROOT}/Manifest.lock\" > /dev/null\nif [ $? != 0 ] ; then\n    # print error to STDERR\n    echo \"error: The sandbox is not in sync with the Podfile.lock. Run 'pod install' or update your CocoaPods installation.\" >&2\n    exit 1\nfi\n# This output is used by Xcode 'outputs' to avoid re-running this script phase.\necho \"SUCCESS\" > \"${SCRIPT_OUTPUT_FILE_0}\"\n";
			showEnvVarsInLog = 0;
		};
		51975FE02AA066C275CFB69B /* [CP] Check Pods Manifest.lock */ = {
			isa = PBXShellScriptBuildPhase;
			buildActionMask = 2147483647;
			files = (
			);
			inputFileListPaths = (
			);
			inputPaths = (
				"${PODS_PODFILE_DIR_PATH}/Podfile.lock",
				"${PODS_ROOT}/Manifest.lock",
			);
			name = "[CP] Check Pods Manifest.lock";
			outputFileListPaths = (
			);
			outputPaths = (
				"$(DERIVED_FILE_DIR)/Pods-Flix-checkManifestLockResult.txt",
			);
			runOnlyForDeploymentPostprocessing = 0;
			shellPath = /bin/sh;
			shellScript = "diff \"${PODS_PODFILE_DIR_PATH}/Podfile.lock\" \"${PODS_ROOT}/Manifest.lock\" > /dev/null\nif [ $? != 0 ] ; then\n    # print error to STDERR\n    echo \"error: The sandbox is not in sync with the Podfile.lock. Run 'pod install' or update your CocoaPods installation.\" >&2\n    exit 1\nfi\n# This output is used by Xcode 'outputs' to avoid re-running this script phase.\necho \"SUCCESS\" > \"${SCRIPT_OUTPUT_FILE_0}\"\n";
			showEnvVarsInLog = 0;
		};
		88ECAC98A02BC4ADBFD4C64D /* [CP] Embed Pods Frameworks */ = {
			isa = PBXShellScriptBuildPhase;
			buildActionMask = 2147483647;
			files = (
			);
			inputFileListPaths = (
				"${PODS_ROOT}/Target Support Files/Pods-Flix/Pods-Flix-frameworks-${CONFIGURATION}-input-files.xcfilelist",
			);
			name = "[CP] Embed Pods Frameworks";
			outputFileListPaths = (
				"${PODS_ROOT}/Target Support Files/Pods-Flix/Pods-Flix-frameworks-${CONFIGURATION}-output-files.xcfilelist",
			);
			runOnlyForDeploymentPostprocessing = 0;
			shellPath = /bin/sh;
			shellScript = "\"${PODS_ROOT}/Target Support Files/Pods-Flix/Pods-Flix-frameworks.sh\"\n";
			showEnvVarsInLog = 0;
		};
/* End PBXShellScriptBuildPhase section */

/* Begin PBXSourcesBuildPhase section */
		CF52E36F23D913E2003B8B99 /* Sources */ = {
			isa = PBXSourcesBuildPhase;
			buildActionMask = 2147483647;
			files = (
				CF52E37B23D913E2003B8B99 /* ViewController.swift in Sources */,
				CFE8E4D523DB6C4300F2A8AE /* UIImage+averageColor.swift in Sources */,
				CFE8E4D823DE77FA00F2A8AE /* MovieCell.swift in Sources */,
				CF52E37723D913E2003B8B99 /* AppDelegate.swift in Sources */,
				CF52E37923D913E2003B8B99 /* SceneDelegate.swift in Sources */,
				CF52E39923D91F5A003B8B99 /* MoviesViewController.swift in Sources */,
			);
			runOnlyForDeploymentPostprocessing = 0;
		};
		CF52E38523D913EA003B8B99 /* Sources */ = {
			isa = PBXSourcesBuildPhase;
			buildActionMask = 2147483647;
			files = (
				CF52E38E23D913EA003B8B99 /* FlixTests.swift in Sources */,
			);
			runOnlyForDeploymentPostprocessing = 0;
		};
/* End PBXSourcesBuildPhase section */

/* Begin PBXTargetDependency section */
		CF52E38B23D913EA003B8B99 /* PBXTargetDependency */ = {
			isa = PBXTargetDependency;
			target = CF52E37223D913E2003B8B99 /* Flix */;
			targetProxy = CF52E38A23D913EA003B8B99 /* PBXContainerItemProxy */;
		};
/* End PBXTargetDependency section */

/* Begin PBXVariantGroup section */
		CF52E37C23D913E2003B8B99 /* Main.storyboard */ = {
			isa = PBXVariantGroup;
			children = (
				CF52E37D23D913E2003B8B99 /* Base */,
			);
			name = Main.storyboard;
			sourceTree = "<group>";
		};
		CF52E38123D913EA003B8B99 /* LaunchScreen.storyboard */ = {
			isa = PBXVariantGroup;
			children = (
				CF52E38223D913EA003B8B99 /* Base */,
			);
			name = LaunchScreen.storyboard;
			sourceTree = "<group>";
		};
/* End PBXVariantGroup section */

/* Begin XCBuildConfiguration section */
		CF52E39023D913EA003B8B99 /* Debug */ = {
			isa = XCBuildConfiguration;
			buildSettings = {
				ALWAYS_SEARCH_USER_PATHS = NO;
				CLANG_ANALYZER_NONNULL = YES;
				CLANG_ANALYZER_NUMBER_OBJECT_CONVERSION = YES_AGGRESSIVE;
				CLANG_CXX_LANGUAGE_STANDARD = "gnu++14";
				CLANG_CXX_LIBRARY = "libc++";
				CLANG_ENABLE_MODULES = YES;
				CLANG_ENABLE_OBJC_ARC = YES;
				CLANG_ENABLE_OBJC_WEAK = YES;
				CLANG_WARN_BLOCK_CAPTURE_AUTORELEASING = YES;
				CLANG_WARN_BOOL_CONVERSION = YES;
				CLANG_WARN_COMMA = YES;
				CLANG_WARN_CONSTANT_CONVERSION = YES;
				CLANG_WARN_DEPRECATED_OBJC_IMPLEMENTATIONS = YES;
				CLANG_WARN_DIRECT_OBJC_ISA_USAGE = YES_ERROR;
				CLANG_WARN_DOCUMENTATION_COMMENTS = YES;
				CLANG_WARN_EMPTY_BODY = YES;
				CLANG_WARN_ENUM_CONVERSION = YES;
				CLANG_WARN_INFINITE_RECURSION = YES;
				CLANG_WARN_INT_CONVERSION = YES;
				CLANG_WARN_NON_LITERAL_NULL_CONVERSION = YES;
				CLANG_WARN_OBJC_IMPLICIT_RETAIN_SELF = YES;
				CLANG_WARN_OBJC_LITERAL_CONVERSION = YES;
				CLANG_WARN_OBJC_ROOT_CLASS = YES_ERROR;
				CLANG_WARN_RANGE_LOOP_ANALYSIS = YES;
				CLANG_WARN_STRICT_PROTOTYPES = YES;
				CLANG_WARN_SUSPICIOUS_MOVE = YES;
				CLANG_WARN_UNGUARDED_AVAILABILITY = YES_AGGRESSIVE;
				CLANG_WARN_UNREACHABLE_CODE = YES;
				CLANG_WARN__DUPLICATE_METHOD_MATCH = YES;
				COPY_PHASE_STRIP = NO;
				DEBUG_INFORMATION_FORMAT = dwarf;
				ENABLE_STRICT_OBJC_MSGSEND = YES;
				ENABLE_TESTABILITY = YES;
				GCC_C_LANGUAGE_STANDARD = gnu11;
				GCC_DYNAMIC_NO_PIC = NO;
				GCC_NO_COMMON_BLOCKS = YES;
				GCC_OPTIMIZATION_LEVEL = 0;
				GCC_PREPROCESSOR_DEFINITIONS = (
					"DEBUG=1",
					"$(inherited)",
				);
				GCC_WARN_64_TO_32_BIT_CONVERSION = YES;
				GCC_WARN_ABOUT_RETURN_TYPE = YES_ERROR;
				GCC_WARN_UNDECLARED_SELECTOR = YES;
				GCC_WARN_UNINITIALIZED_AUTOS = YES_AGGRESSIVE;
				GCC_WARN_UNUSED_FUNCTION = YES;
				GCC_WARN_UNUSED_VARIABLE = YES;
				IPHONEOS_DEPLOYMENT_TARGET = 13.2;
				MTL_ENABLE_DEBUG_INFO = INCLUDE_SOURCE;
				MTL_FAST_MATH = YES;
				ONLY_ACTIVE_ARCH = YES;
				SDKROOT = iphoneos;
				SWIFT_ACTIVE_COMPILATION_CONDITIONS = DEBUG;
				SWIFT_OPTIMIZATION_LEVEL = "-Onone";
			};
			name = Debug;
		};
		CF52E39123D913EA003B8B99 /* Release */ = {
			isa = XCBuildConfiguration;
			buildSettings = {
				ALWAYS_SEARCH_USER_PATHS = NO;
				CLANG_ANALYZER_NONNULL = YES;
				CLANG_ANALYZER_NUMBER_OBJECT_CONVERSION = YES_AGGRESSIVE;
				CLANG_CXX_LANGUAGE_STANDARD = "gnu++14";
				CLANG_CXX_LIBRARY = "libc++";
				CLANG_ENABLE_MODULES = YES;
				CLANG_ENABLE_OBJC_ARC = YES;
				CLANG_ENABLE_OBJC_WEAK = YES;
				CLANG_WARN_BLOCK_CAPTURE_AUTORELEASING = YES;
				CLANG_WARN_BOOL_CONVERSION = YES;
				CLANG_WARN_COMMA = YES;
				CLANG_WARN_CONSTANT_CONVERSION = YES;
				CLANG_WARN_DEPRECATED_OBJC_IMPLEMENTATIONS = YES;
				CLANG_WARN_DIRECT_OBJC_ISA_USAGE = YES_ERROR;
				CLANG_WARN_DOCUMENTATION_COMMENTS = YES;
				CLANG_WARN_EMPTY_BODY = YES;
				CLANG_WARN_ENUM_CONVERSION = YES;
				CLANG_WARN_INFINITE_RECURSION = YES;
				CLANG_WARN_INT_CONVERSION = YES;
				CLANG_WARN_NON_LITERAL_NULL_CONVERSION = YES;
				CLANG_WARN_OBJC_IMPLICIT_RETAIN_SELF = YES;
				CLANG_WARN_OBJC_LITERAL_CONVERSION = YES;
				CLANG_WARN_OBJC_ROOT_CLASS = YES_ERROR;
				CLANG_WARN_RANGE_LOOP_ANALYSIS = YES;
				CLANG_WARN_STRICT_PROTOTYPES = YES;
				CLANG_WARN_SUSPICIOUS_MOVE = YES;
				CLANG_WARN_UNGUARDED_AVAILABILITY = YES_AGGRESSIVE;
				CLANG_WARN_UNREACHABLE_CODE = YES;
				CLANG_WARN__DUPLICATE_METHOD_MATCH = YES;
				COPY_PHASE_STRIP = NO;
				DEBUG_INFORMATION_FORMAT = "dwarf-with-dsym";
				ENABLE_NS_ASSERTIONS = NO;
				ENABLE_STRICT_OBJC_MSGSEND = YES;
				GCC_C_LANGUAGE_STANDARD = gnu11;
				GCC_NO_COMMON_BLOCKS = YES;
				GCC_WARN_64_TO_32_BIT_CONVERSION = YES;
				GCC_WARN_ABOUT_RETURN_TYPE = YES_ERROR;
				GCC_WARN_UNDECLARED_SELECTOR = YES;
				GCC_WARN_UNINITIALIZED_AUTOS = YES_AGGRESSIVE;
				GCC_WARN_UNUSED_FUNCTION = YES;
				GCC_WARN_UNUSED_VARIABLE = YES;
				IPHONEOS_DEPLOYMENT_TARGET = 13.2;
				MTL_ENABLE_DEBUG_INFO = NO;
				MTL_FAST_MATH = YES;
				SDKROOT = iphoneos;
				SWIFT_COMPILATION_MODE = wholemodule;
				SWIFT_OPTIMIZATION_LEVEL = "-O";
				VALIDATE_PRODUCT = YES;
			};
			name = Release;
		};
		CF52E39323D913EA003B8B99 /* Debug */ = {
			isa = XCBuildConfiguration;
			baseConfigurationReference = 3445047ABE70ADEC4A2C88E5 /* Pods-Flix.debug.xcconfig */;
			buildSettings = {
				ASSETCATALOG_COMPILER_APPICON_NAME = AppIcon;
				CODE_SIGN_STYLE = Automatic;
				DEVELOPMENT_TEAM = NE6M9B72BG;
				INFOPLIST_FILE = Flix/Info.plist;
				LD_RUNPATH_SEARCH_PATHS = (
					"$(inherited)",
					"@executable_path/Frameworks",
				);
				PRODUCT_BUNDLE_IDENTIFIER = shafer.hess.Flix;
				PRODUCT_NAME = "$(TARGET_NAME)";
				SWIFT_VERSION = 5.0;
				TARGETED_DEVICE_FAMILY = "1,2";
			};
			name = Debug;
		};
		CF52E39423D913EA003B8B99 /* Release */ = {
			isa = XCBuildConfiguration;
			baseConfigurationReference = A2D02D96FCEA393D0222336F /* Pods-Flix.release.xcconfig */;
			buildSettings = {
				ASSETCATALOG_COMPILER_APPICON_NAME = AppIcon;
				CODE_SIGN_STYLE = Automatic;
				DEVELOPMENT_TEAM = NE6M9B72BG;
				INFOPLIST_FILE = Flix/Info.plist;
				LD_RUNPATH_SEARCH_PATHS = (
					"$(inherited)",
					"@executable_path/Frameworks",
				);
				PRODUCT_BUNDLE_IDENTIFIER = shafer.hess.Flix;
				PRODUCT_NAME = "$(TARGET_NAME)";
				SWIFT_VERSION = 5.0;
				TARGETED_DEVICE_FAMILY = "1,2";
			};
			name = Release;
		};
		CF52E39623D913EA003B8B99 /* Debug */ = {
			isa = XCBuildConfiguration;
			baseConfigurationReference = C3E4FB5084A134C1BF3C7855 /* Pods-FlixTests.debug.xcconfig */;
			buildSettings = {
				ALWAYS_EMBED_SWIFT_STANDARD_LIBRARIES = YES;
				BUNDLE_LOADER = "$(TEST_HOST)";
				CODE_SIGN_STYLE = Automatic;
				DEVELOPMENT_TEAM = NE6M9B72BG;
				INFOPLIST_FILE = FlixTests/Info.plist;
				IPHONEOS_DEPLOYMENT_TARGET = 13.2;
				LD_RUNPATH_SEARCH_PATHS = (
					"$(inherited)",
					"@executable_path/Frameworks",
					"@loader_path/Frameworks",
				);
				PRODUCT_BUNDLE_IDENTIFIER = shafer.hess.FlixTests;
				PRODUCT_NAME = "$(TARGET_NAME)";
				SWIFT_VERSION = 5.0;
				TARGETED_DEVICE_FAMILY = "1,2";
				TEST_HOST = "$(BUILT_PRODUCTS_DIR)/Flix.app/Flix";
			};
			name = Debug;
		};
		CF52E39723D913EA003B8B99 /* Release */ = {
			isa = XCBuildConfiguration;
			baseConfigurationReference = 5D02CE7AE831EFF3DA54E0D7 /* Pods-FlixTests.release.xcconfig */;
			buildSettings = {
				ALWAYS_EMBED_SWIFT_STANDARD_LIBRARIES = YES;
				BUNDLE_LOADER = "$(TEST_HOST)";
				CODE_SIGN_STYLE = Automatic;
				DEVELOPMENT_TEAM = NE6M9B72BG;
				INFOPLIST_FILE = FlixTests/Info.plist;
				IPHONEOS_DEPLOYMENT_TARGET = 13.2;
				LD_RUNPATH_SEARCH_PATHS = (
					"$(inherited)",
					"@executable_path/Frameworks",
					"@loader_path/Frameworks",
				);
				PRODUCT_BUNDLE_IDENTIFIER = shafer.hess.FlixTests;
				PRODUCT_NAME = "$(TARGET_NAME)";
				SWIFT_VERSION = 5.0;
				TARGETED_DEVICE_FAMILY = "1,2";
				TEST_HOST = "$(BUILT_PRODUCTS_DIR)/Flix.app/Flix";
			};
			name = Release;
		};
/* End XCBuildConfiguration section */

/* Begin XCConfigurationList section */
		CF52E36E23D913E2003B8B99 /* Build configuration list for PBXProject "Flix" */ = {
			isa = XCConfigurationList;
			buildConfigurations = (
				CF52E39023D913EA003B8B99 /* Debug */,
				CF52E39123D913EA003B8B99 /* Release */,
			);
			defaultConfigurationIsVisible = 0;
			defaultConfigurationName = Release;
		};
		CF52E39223D913EA003B8B99 /* Build configuration list for PBXNativeTarget "Flix" */ = {
			isa = XCConfigurationList;
			buildConfigurations = (
				CF52E39323D913EA003B8B99 /* Debug */,
				CF52E39423D913EA003B8B99 /* Release */,
			);
			defaultConfigurationIsVisible = 0;
			defaultConfigurationName = Release;
		};
		CF52E39523D913EA003B8B99 /* Build configuration list for PBXNativeTarget "FlixTests" */ = {
			isa = XCConfigurationList;
			buildConfigurations = (
				CF52E39623D913EA003B8B99 /* Debug */,
				CF52E39723D913EA003B8B99 /* Release */,
			);
			defaultConfigurationIsVisible = 0;
			defaultConfigurationName = Release;
		};
/* End XCConfigurationList section */
	};
	rootObject = CF52E36B23D913E2003B8B99 /* Project object */;
}
